// !$*UTF8*$!
{
	archiveVersion = 1;
	classes = {
	};
	objectVersion = 50;
	objects = {

/* Begin PBXBuildFile section */
		433F608F22F27AC300C0FAC3 /* AppDelegate.swift in Sources */ = {isa = PBXBuildFile; fileRef = 433F608E22F27AC300C0FAC3 /* AppDelegate.swift */; };
		433F609122F27AC300C0FAC3 /* ViewController.swift in Sources */ = {isa = PBXBuildFile; fileRef = 433F609022F27AC300C0FAC3 /* ViewController.swift */; };
		433F609422F27AC300C0FAC3 /* Main.storyboard in Resources */ = {isa = PBXBuildFile; fileRef = 433F609222F27AC300C0FAC3 /* Main.storyboard */; };
		433F609622F27AC400C0FAC3 /* Assets.xcassets in Resources */ = {isa = PBXBuildFile; fileRef = 433F609522F27AC400C0FAC3 /* Assets.xcassets */; };
		433F609922F27AC400C0FAC3 /* LaunchScreen.storyboard in Resources */ = {isa = PBXBuildFile; fileRef = 433F609722F27AC400C0FAC3 /* LaunchScreen.storyboard */; };
		433F60AF22F27B0500C0FAC3 /* HiraganaConverter.swift in Sources */ = {isa = PBXBuildFile; fileRef = 433F60AE22F27B0500C0FAC3 /* HiraganaConverter.swift */; };
		433F60B122F27CA900C0FAC3 /* JCURLSession.swift in Sources */ = {isa = PBXBuildFile; fileRef = 433F60B022F27CA900C0FAC3 /* JCURLSession.swift */; };
		433F60BB22F3EE2C00C0FAC3 /* TextModel.swift in Sources */ = {isa = PBXBuildFile; fileRef = 433F60BA22F3EE2C00C0FAC3 /* TextModel.swift */; };
		433F60BD22F3EFA200C0FAC3 /* TTView.swift in Sources */ = {isa = PBXBuildFile; fileRef = 433F60BC22F3EFA200C0FAC3 /* TTView.swift */; };
		433F60BF22F410AA00C0FAC3 /* VerticalResultViewController.swift in Sources */ = {isa = PBXBuildFile; fileRef = 433F60BE22F410AA00C0FAC3 /* VerticalResultViewController.swift */; };
/* End PBXBuildFile section */

/* Begin PBXContainerItemProxy section */
		433F60A022F27AC400C0FAC3 /* PBXContainerItemProxy */ = {
			isa = PBXContainerItemProxy;
			containerPortal = 433F608322F27AC300C0FAC3 /* Project object */;
			proxyType = 1;
			remoteGlobalIDString = 433F608A22F27AC300C0FAC3;
			remoteInfo = HiraganaTranslation;
		};
/* End PBXContainerItemProxy section */

/* Begin PBXFileReference section */
		433F608B22F27AC300C0FAC3 /* HiraganaTranslation.app */ = {isa = PBXFileReference; explicitFileType = wrapper.application; includeInIndex = 0; path = HiraganaTranslation.app; sourceTree = BUILT_PRODUCTS_DIR; };
		433F608E22F27AC300C0FAC3 /* AppDelegate.swift */ = {isa = PBXFileReference; lastKnownFileType = sourcecode.swift; path = AppDelegate.swift; sourceTree = "<group>"; };
		433F609022F27AC300C0FAC3 /* ViewController.swift */ = {isa = PBXFileReference; lastKnownFileType = sourcecode.swift; path = ViewController.swift; sourceTree = "<group>"; };
		433F609322F27AC300C0FAC3 /* Base */ = {isa = PBXFileReference; lastKnownFileType = file.storyboard; name = Base; path = Base.lproj/Main.storyboard; sourceTree = "<group>"; };
		433F609522F27AC400C0FAC3 /* Assets.xcassets */ = {isa = PBXFileReference; lastKnownFileType = folder.assetcatalog; path = Assets.xcassets; sourceTree = "<group>"; };
		433F609822F27AC400C0FAC3 /* Base */ = {isa = PBXFileReference; lastKnownFileType = file.storyboard; name = Base; path = Base.lproj/LaunchScreen.storyboard; sourceTree = "<group>"; };
		433F609A22F27AC400C0FAC3 /* Info.plist */ = {isa = PBXFileReference; lastKnownFileType = text.plist.xml; path = Info.plist; sourceTree = "<group>"; };
		433F609F22F27AC400C0FAC3 /* HiraganaTranslationTests.xctest */ = {isa = PBXFileReference; explicitFileType = wrapper.cfbundle; includeInIndex = 0; path = HiraganaTranslationTests.xctest; sourceTree = BUILT_PRODUCTS_DIR; };
		433F60AE22F27B0500C0FAC3 /* HiraganaConverter.swift */ = {isa = PBXFileReference; lastKnownFileType = sourcecode.swift; path = HiraganaConverter.swift; sourceTree = "<group>"; };
		433F60B022F27CA900C0FAC3 /* JCURLSession.swift */ = {isa = PBXFileReference; fileEncoding = 4; lastKnownFileType = sourcecode.swift; path = JCURLSession.swift; sourceTree = "<group>"; };
		433F60BA22F3EE2C00C0FAC3 /* TextModel.swift */ = {isa = PBXFileReference; lastKnownFileType = sourcecode.swift; path = TextModel.swift; sourceTree = "<group>"; };
		433F60BC22F3EFA200C0FAC3 /* TTView.swift */ = {isa = PBXFileReference; lastKnownFileType = sourcecode.swift; path = TTView.swift; sourceTree = "<group>"; };
		433F60BE22F410AA00C0FAC3 /* VerticalResultViewController.swift */ = {isa = PBXFileReference; lastKnownFileType = sourcecode.swift; path = VerticalResultViewController.swift; sourceTree = "<group>"; };
/* End PBXFileReference section */

/* Begin PBXFrameworksBuildPhase section */
		433F608822F27AC300C0FAC3 /* Frameworks */ = {
			isa = PBXFrameworksBuildPhase;
			buildActionMask = 2147483647;
			files = (
			);
			runOnlyForDeploymentPostprocessing = 0;
		};
		433F609C22F27AC400C0FAC3 /* Frameworks */ = {
			isa = PBXFrameworksBuildPhase;
			buildActionMask = 2147483647;
			files = (
			);
			runOnlyForDeploymentPostprocessing = 0;
		};
/* End PBXFrameworksBuildPhase section */

/* Begin PBXGroup section */
		433F608222F27AC300C0FAC3 = {
			isa = PBXGroup;
			children = (
				433F608D22F27AC300C0FAC3 /* HiraganaTranslation */,
				433F608C22F27AC300C0FAC3 /* Products */,
			);
			sourceTree = "<group>";
		};
		433F608C22F27AC300C0FAC3 /* Products */ = {
			isa = PBXGroup;
			children = (
				433F608B22F27AC300C0FAC3 /* HiraganaTranslation.app */,
				433F609F22F27AC400C0FAC3 /* HiraganaTranslationTests.xctest */,
			);
			name = Products;
			sourceTree = "<group>";
		};
		433F608D22F27AC300C0FAC3 /* HiraganaTranslation */ = {
			isa = PBXGroup;
			children = (
				433F608E22F27AC300C0FAC3 /* AppDelegate.swift */,
				433F60AE22F27B0500C0FAC3 /* HiraganaConverter.swift */,
				433F60B022F27CA900C0FAC3 /* JCURLSession.swift */,
				433F609022F27AC300C0FAC3 /* ViewController.swift */,
				433F60BE22F410AA00C0FAC3 /* VerticalResultViewController.swift */,
				433F60BA22F3EE2C00C0FAC3 /* TextModel.swift */,
				433F60BC22F3EFA200C0FAC3 /* TTView.swift */,
				433F609222F27AC300C0FAC3 /* Main.storyboard */,
				433F609522F27AC400C0FAC3 /* Assets.xcassets */,
				433F609722F27AC400C0FAC3 /* LaunchScreen.storyboard */,
				433F609A22F27AC400C0FAC3 /* Info.plist */,
			);
			path = HiraganaTranslation;
			sourceTree = "<group>";
		};
/* End PBXGroup section */

/* Begin PBXNativeTarget section */
		433F608A22F27AC300C0FAC3 /* HiraganaTranslation */ = {
			isa = PBXNativeTarget;
			buildConfigurationList = 433F60A822F27AC400C0FAC3 /* Build configuration list for PBXNativeTarget "HiraganaTranslation" */;
			buildPhases = (
				433F608722F27AC300C0FAC3 /* Sources */,
				433F608822F27AC300C0FAC3 /* Frameworks */,
				433F608922F27AC300C0FAC3 /* Resources */,
			);
			buildRules = (
			);
			dependencies = (
			);
			name = HiraganaTranslation;
			productName = HiraganaTranslation;
			productReference = 433F608B22F27AC300C0FAC3 /* HiraganaTranslation.app */;
			productType = "com.apple.product-type.application";
		};
		433F609E22F27AC400C0FAC3 /* HiraganaTranslationTests */ = {
			isa = PBXNativeTarget;
			buildConfigurationList = 433F60AB22F27AC400C0FAC3 /* Build configuration list for PBXNativeTarget "HiraganaTranslationTests" */;
			buildPhases = (
				433F609B22F27AC400C0FAC3 /* Sources */,
				433F609C22F27AC400C0FAC3 /* Frameworks */,
				433F609D22F27AC400C0FAC3 /* Resources */,
			);
			buildRules = (
			);
			dependencies = (
				433F60A122F27AC400C0FAC3 /* PBXTargetDependency */,
			);
			name = HiraganaTranslationTests;
			productName = HiraganaTranslationTests;
			productReference = 433F609F22F27AC400C0FAC3 /* HiraganaTranslationTests.xctest */;
			productType = "com.apple.product-type.bundle.unit-test";
		};
/* End PBXNativeTarget section */

/* Begin PBXProject section */
		433F608322F27AC300C0FAC3 /* Project object */ = {
			isa = PBXProject;
			attributes = {
				LastSwiftUpdateCheck = 1020;
				LastUpgradeCheck = 1020;
				ORGANIZATIONNAME = OmemeAnkohji;
				TargetAttributes = {
					433F608A22F27AC300C0FAC3 = {
						CreatedOnToolsVersion = 10.2.1;
					};
					433F609E22F27AC400C0FAC3 = {
						CreatedOnToolsVersion = 10.2.1;
						TestTargetID = 433F608A22F27AC300C0FAC3;
					};
				};
			};
			buildConfigurationList = 433F608622F27AC300C0FAC3 /* Build configuration list for PBXProject "HiraganaTranslation" */;
			compatibilityVersion = "Xcode 9.3";
			developmentRegion = en;
			hasScannedForEncodings = 0;
			knownRegions = (
				en,
				Base,
			);
			mainGroup = 433F608222F27AC300C0FAC3;
			productRefGroup = 433F608C22F27AC300C0FAC3 /* Products */;
			projectDirPath = "";
			projectRoot = "";
			targets = (
				433F608A22F27AC300C0FAC3 /* HiraganaTranslation */,
				433F609E22F27AC400C0FAC3 /* HiraganaTranslationTests */,
			);
		};
/* End PBXProject section */

/* Begin PBXResourcesBuildPhase section */
		433F608922F27AC300C0FAC3 /* Resources */ = {
			isa = PBXResourcesBuildPhase;
			buildActionMask = 2147483647;
			files = (
				433F609922F27AC400C0FAC3 /* LaunchScreen.storyboard in Resources */,
				433F609622F27AC400C0FAC3 /* Assets.xcassets in Resources */,
				433F609422F27AC300C0FAC3 /* Main.storyboard in Resources */,
			);
			runOnlyForDeploymentPostprocessing = 0;
		};
		433F609D22F27AC400C0FAC3 /* Resources */ = {
			isa = PBXResourcesBuildPhase;
			buildActionMask = 2147483647;
			files = (
			);
			runOnlyForDeploymentPostprocessing = 0;
		};
/* End PBXResourcesBuildPhase section */

/* Begin PBXSourcesBuildPhase section */
		433F608722F27AC300C0FAC3 /* Sources */ = {
			isa = PBXSourcesBuildPhase;
			buildActionMask = 2147483647;
			files = (
				433F60BB22F3EE2C00C0FAC3 /* TextModel.swift in Sources */,
				433F60BF22F410AA00C0FAC3 /* VerticalResultViewController.swift in Sources */,
				433F609122F27AC300C0FAC3 /* ViewController.swift in Sources */,
				433F60B122F27CA900C0FAC3 /* JCURLSession.swift in Sources */,
				433F60BD22F3EFA200C0FAC3 /* TTView.swift in Sources */,
				433F60AF22F27B0500C0FAC3 /* HiraganaConverter.swift in Sources */,
				433F608F22F27AC300C0FAC3 /* AppDelegate.swift in Sources */,
			);
			runOnlyForDeploymentPostprocessing = 0;
		};
		433F609B22F27AC400C0FAC3 /* Sources */ = {
			isa = PBXSourcesBuildPhase;
			buildActionMask = 2147483647;
			files = (
			);
			runOnlyForDeploymentPostprocessing = 0;
		};
/* End PBXSourcesBuildPhase section */

/* Begin PBXTargetDependency section */
		433F60A122F27AC400C0FAC3 /* PBXTargetDependency */ = {
			isa = PBXTargetDependency;
			target = 433F608A22F27AC300C0FAC3 /* HiraganaTranslation */;
			targetProxy = 433F60A022F27AC400C0FAC3 /* PBXContainerItemProxy */;
		};
/* End PBXTargetDependency section */

/* Begin PBXVariantGroup section */
		433F609222F27AC300C0FAC3 /* Main.storyboard */ = {
			isa = PBXVariantGroup;
			children = (
				433F609322F27AC300C0FAC3 /* Base */,
			);
			name = Main.storyboard;
			sourceTree = "<group>";
		};
		433F609722F27AC400C0FAC3 /* LaunchScreen.storyboard */ = {
			isa = PBXVariantGroup;
			children = (
				433F609822F27AC400C0FAC3 /* Base */,
			);
			name = LaunchScreen.storyboard;
			sourceTree = "<group>";
		};
/* End PBXVariantGroup section */

/* Begin XCBuildConfiguration section */
		433F60A622F27AC400C0FAC3 /* Debug */ = {
			isa = XCBuildConfiguration;
			buildSettings = {
				ALWAYS_SEARCH_USER_PATHS = NO;
				CLANG_ANALYZER_NONNULL = YES;
				CLANG_ANALYZER_NUMBER_OBJECT_CONVERSION = YES_AGGRESSIVE;
				CLANG_CXX_LANGUAGE_STANDARD = "gnu++14";
				CLANG_CXX_LIBRARY = "libc++";
				CLANG_ENABLE_MODULES = YES;
				CLANG_ENABLE_OBJC_ARC = YES;
				CLANG_ENABLE_OBJC_WEAK = YES;
				CLANG_WARN_BLOCK_CAPTURE_AUTORELEASING = YES;
				CLANG_WARN_BOOL_CONVERSION = YES;
				CLANG_WARN_COMMA = YES;
				CLANG_WARN_CONSTANT_CONVERSION = YES;
				CLANG_WARN_DEPRECATED_OBJC_IMPLEMENTATIONS = YES;
				CLANG_WARN_DIRECT_OBJC_ISA_USAGE = YES_ERROR;
				CLANG_WARN_DOCUMENTATION_COMMENTS = YES;
				CLANG_WARN_EMPTY_BODY = YES;
				CLANG_WARN_ENUM_CONVERSION = YES;
				CLANG_WARN_INFINITE_RECURSION = YES;
				CLANG_WARN_INT_CONVERSION = YES;
				CLANG_WARN_NON_LITERAL_NULL_CONVERSION = YES;
				CLANG_WARN_OBJC_IMPLICIT_RETAIN_SELF = YES;
				CLANG_WARN_OBJC_LITERAL_CONVERSION = YES;
				CLANG_WARN_OBJC_ROOT_CLASS = YES_ERROR;
				CLANG_WARN_RANGE_LOOP_ANALYSIS = YES;
				CLANG_WARN_STRICT_PROTOTYPES = YES;
				CLANG_WARN_SUSPICIOUS_MOVE = YES;
				CLANG_WARN_UNGUARDED_AVAILABILITY = YES_AGGRESSIVE;
				CLANG_WARN_UNREACHABLE_CODE = YES;
				CLANG_WARN__DUPLICATE_METHOD_MATCH = YES;
				CODE_SIGN_IDENTITY = "iPhone Developer";
				COPY_PHASE_STRIP = NO;
				DEBUG_INFORMATION_FORMAT = dwarf;
				ENABLE_STRICT_OBJC_MSGSEND = YES;
				ENABLE_TESTABILITY = YES;
				GCC_C_LANGUAGE_STANDARD = gnu11;
				GCC_DYNAMIC_NO_PIC = NO;
				GCC_NO_COMMON_BLOCKS = YES;
				GCC_OPTIMIZATION_LEVEL = 0;
				GCC_PREPROCESSOR_DEFINITIONS = (
					"DEBUG=1",
					"$(inherited)",
				);
				GCC_WARN_64_TO_32_BIT_CONVERSION = YES;
				GCC_WARN_ABOUT_RETURN_TYPE = YES_ERROR;
				GCC_WARN_UNDECLARED_SELECTOR = YES;
				GCC_WARN_UNINITIALIZED_AUTOS = YES_AGGRESSIVE;
				GCC_WARN_UNUSED_FUNCTION = YES;
				GCC_WARN_UNUSED_VARIABLE = YES;
				IPHONEOS_DEPLOYMENT_TARGET = 12.2;
				MTL_ENABLE_DEBUG_INFO = INCLUDE_SOURCE;
				MTL_FAST_MATH = YES;
				ONLY_ACTIVE_ARCH = YES;
				SDKROOT = iphoneos;
				SWIFT_ACTIVE_COMPILATION_CONDITIONS = DEBUG;
				SWIFT_OPTIMIZATION_LEVEL = "-Onone";
				SWIFT_VERSION = 5.0;
			};
			name = Debug;
		};
		433F60A722F27AC400C0FAC3 /* Release */ = {
			isa = XCBuildConfiguration;
			buildSettings = {
				ALWAYS_SEARCH_USER_PATHS = NO;
				CLANG_ANALYZER_NONNULL = YES;
				CLANG_ANALYZER_NUMBER_OBJECT_CONVERSION = YES_AGGRESSIVE;
				CLANG_CXX_LANGUAGE_STANDARD = "gnu++14";
				CLANG_CXX_LIBRARY = "libc++";
				CLANG_ENABLE_MODULES = YES;
				CLANG_ENABLE_OBJC_ARC = YES;
				CLANG_ENABLE_OBJC_WEAK = YES;
				CLANG_WARN_BLOCK_CAPTURE_AUTORELEASING = YES;
				CLANG_WARN_BOOL_CONVERSION = YES;
				CLANG_WARN_COMMA = YES;
				CLANG_WARN_CONSTANT_CONVERSION = YES;
				CLANG_WARN_DEPRECATED_OBJC_IMPLEMENTATIONS = YES;
				CLANG_WARN_DIRECT_OBJC_ISA_USAGE = YES_ERROR;
				CLANG_WARN_DOCUMENTATION_COMMENTS = YES;
				CLANG_WARN_EMPTY_BODY = YES;
				CLANG_WARN_ENUM_CONVERSION = YES;
				CLANG_WARN_INFINITE_RECURSION = YES;
				CLANG_WARN_INT_CONVERSION = YES;
				CLANG_WARN_NON_LITERAL_NULL_CONVERSION = YES;
				CLANG_WARN_OBJC_IMPLICIT_RETAIN_SELF = YES;
				CLANG_WARN_OBJC_LITERAL_CONVERSION = YES;
				CLANG_WARN_OBJC_ROOT_CLASS = YES_ERROR;
				CLANG_WARN_RANGE_LOOP_ANALYSIS = YES;
				CLANG_WARN_STRICT_PROTOTYPES = YES;
				CLANG_WARN_SUSPICIOUS_MOVE = YES;
				CLANG_WARN_UNGUARDED_AVAILABILITY = YES_AGGRESSIVE;
				CLANG_WARN_UNREACHABLE_CODE = YES;
				CLANG_WARN__DUPLICATE_METHOD_MATCH = YES;
				CODE_SIGN_IDENTITY = "iPhone Developer";
				COPY_PHASE_STRIP = NO;
				DEBUG_INFORMATION_FORMAT = "dwarf-with-dsym";
				ENABLE_NS_ASSERTIONS = NO;
				ENABLE_STRICT_OBJC_MSGSEND = YES;
				GCC_C_LANGUAGE_STANDARD = gnu11;
				GCC_NO_COMMON_BLOCKS = YES;
				GCC_WARN_64_TO_32_BIT_CONVERSION = YES;
				GCC_WARN_ABOUT_RETURN_TYPE = YES_ERROR;
				GCC_WARN_UNDECLARED_SELECTOR = YES;
				GCC_WARN_UNINITIALIZED_AUTOS = YES_AGGRESSIVE;
				GCC_WARN_UNUSED_FUNCTION = YES;
				GCC_WARN_UNUSED_VARIABLE = YES;
				IPHONEOS_DEPLOYMENT_TARGET = 12.2;
				MTL_ENABLE_DEBUG_INFO = NO;
				MTL_FAST_MATH = YES;
				SDKROOT = iphoneos;
				SWIFT_COMPILATION_MODE = wholemodule;
				SWIFT_OPTIMIZATION_LEVEL = "-O";
				SWIFT_VERSION = 5.0;
				VALIDATE_PRODUCT = YES;
			};
			name = Release;
		};
		433F60A922F27AC400C0FAC3 /* Debug */ = {
			isa = XCBuildConfiguration;
			buildSettings = {
				ASSETCATALOG_COMPILER_APPICON_NAME = AppIcon;
				CODE_SIGN_STYLE = Automatic;
				DEVELOPMENT_TEAM = GLHESL4TR6;
				INFOPLIST_FILE = HiraganaTranslation/Info.plist;
				LD_RUNPATH_SEARCH_PATHS = (
					"$(inherited)",
					"@executable_path/Frameworks",
				);
				PRODUCT_BUNDLE_IDENTIFIER = com.oinusan.HiraganaTranslation;
				PRODUCT_NAME = "$(TARGET_NAME)";
				SWIFT_VERSION = 5.0;
				TARGETED_DEVICE_FAMILY = "1,2";
			};
			name = Debug;
		};
		433F60AA22F27AC400C0FAC3 /* Release */ = {
			isa = XCBuildConfiguration;
			buildSettings = {
				ASSETCATALOG_COMPILER_APPICON_NAME = AppIcon;
				CODE_SIGN_STYLE = Automatic;
				DEVELOPMENT_TEAM = GLHESL4TR6;
				INFOPLIST_FILE = HiraganaTranslation/Info.plist;
				LD_RUNPATH_SEARCH_PATHS = (
					"$(inherited)",
					"@executable_path/Frameworks",
				);
				PRODUCT_BUNDLE_IDENTIFIER = com.oinusan.HiraganaTranslation;
				PRODUCT_NAME = "$(TARGET_NAME)";
				SWIFT_VERSION = 5.0;
				TARGETED_DEVICE_FAMILY = "1,2";
			};
			name = Release;
		};
		433F60AC22F27AC400C0FAC3 /* Debug */ = {
			isa = XCBuildConfiguration;
			buildSettings = {
				ALWAYS_EMBED_SWIFT_STANDARD_LIBRARIES = YES;
				BUNDLE_LOADER = "$(TEST_HOST)";
				CODE_SIGN_STYLE = Automatic;
				DEVELOPMENT_TEAM = GLHESL4TR6;
				INFOPLIST_FILE = HiraganaTranslationTests/Info.plist;
				LD_RUNPATH_SEARCH_PATHS = (
					"$(inherited)",
					"@executable_path/Frameworks",
					"@loader_path/Frameworks",
				);
				PRODUCT_BUNDLE_IDENTIFIER = com.oinusan.HiraganaTranslationTests;
				PRODUCT_NAME = "$(TARGET_NAME)";
				SWIFT_VERSION = 5.0;
				TARGETED_DEVICE_FAMILY = "1,2";
				TEST_HOST = "$(BUILT_PRODUCTS_DIR)/HiraganaTranslation.app/HiraganaTranslation";
			};
			name = Debug;
		};
		433F60AD22F27AC400C0FAC3 /* Release */ = {
			isa = XCBuildConfiguration;
			buildSettings = {
				ALWAYS_EMBED_SWIFT_STANDARD_LIBRARIES = YES;
				BUNDLE_LOADER = "$(TEST_HOST)";
				CODE_SIGN_STYLE = Automatic;
				DEVELOPMENT_TEAM = GLHESL4TR6;
				INFOPLIST_FILE = HiraganaTranslationTests/Info.plist;
				LD_RUNPATH_SEARCH_PATHS = (
					"$(inherited)",
					"@executable_path/Frameworks",
					"@loader_path/Frameworks",
				);
				PRODUCT_BUNDLE_IDENTIFIER = com.oinusan.HiraganaTranslationTests;
				PRODUCT_NAME = "$(TARGET_NAME)";
				SWIFT_VERSION = 5.0;
				TARGETED_DEVICE_FAMILY = "1,2";
				TEST_HOST = "$(BUILT_PRODUCTS_DIR)/HiraganaTranslation.app/HiraganaTranslation";
			};
			name = Release;
		};
/* End XCBuildConfiguration section */

/* Begin XCConfigurationList section */
		433F608622F27AC300C0FAC3 /* Build configuration list for PBXProject "HiraganaTranslation" */ = {
			isa = XCConfigurationList;
			buildConfigurations = (
				433F60A622F27AC400C0FAC3 /* Debug */,
				433F60A722F27AC400C0FAC3 /* Release */,
			);
			defaultConfigurationIsVisible = 0;
			defaultConfigurationName = Release;
		};
		433F60A822F27AC400C0FAC3 /* Build configuration list for PBXNativeTarget "HiraganaTranslation" */ = {
			isa = XCConfigurationList;
			buildConfigurations = (
				433F60A922F27AC400C0FAC3 /* Debug */,
				433F60AA22F27AC400C0FAC3 /* Release */,
			);
			defaultConfigurationIsVisible = 0;
			defaultConfigurationName = Release;
		};
		433F60AB22F27AC400C0FAC3 /* Build configuration list for PBXNativeTarget "HiraganaTranslationTests" */ = {
			isa = XCConfigurationList;
			buildConfigurations = (
				433F60AC22F27AC400C0FAC3 /* Debug */,
				433F60AD22F27AC400C0FAC3 /* Release */,
			);
			defaultConfigurationIsVisible = 0;
			defaultConfigurationName = Release;
		};
/* End XCConfigurationList section */
	};
	rootObject = 433F608322F27AC300C0FAC3 /* Project object */;
}
